// !$*UTF8*$!
{
	archiveVersion = 1;
	classes = {
	};
	objectVersion = 50;
	objects = {

/* Begin PBXBuildFile section */
		DB13B3E423E5FA06008192A3 /* WaterMyPlants.xcdatamodeld in Sources */ = {isa = PBXBuildFile; fileRef = DB13B3E223E5FA06008192A3 /* WaterMyPlants.xcdatamodeld */; };
		DB13B3E623E5FA8B008192A3 /* CoreDataStack.swift in Sources */ = {isa = PBXBuildFile; fileRef = DB13B3E523E5FA8B008192A3 /* CoreDataStack.swift */; };
		DB13B3E823E5FA9B008192A3 /* Plant+Convenience.swift in Sources */ = {isa = PBXBuildFile; fileRef = DB13B3E723E5FA9B008192A3 /* Plant+Convenience.swift */; };
		DB13B3EB23E5FAAC008192A3 /* PersistenceProtocol.swift in Sources */ = {isa = PBXBuildFile; fileRef = DB13B3EA23E5FAAC008192A3 /* PersistenceProtocol.swift */; };
		DB13B3ED23E5FAB2008192A3 /* User.swift in Sources */ = {isa = PBXBuildFile; fileRef = DB13B3EC23E5FAB2008192A3 /* User.swift */; };
		DB13B3EF23E5FABE008192A3 /* PlantRepresentation.swift in Sources */ = {isa = PBXBuildFile; fileRef = DB13B3EE23E5FABE008192A3 /* PlantRepresentation.swift */; };
		DB13B3F323E5FC10008192A3 /* PlantImage.swift in Sources */ = {isa = PBXBuildFile; fileRef = DB13B3F223E5FC10008192A3 /* PlantImage.swift */; };
		DB13B3F523E5FC28008192A3 /* PlantImageController.swift in Sources */ = {isa = PBXBuildFile; fileRef = DB13B3F423E5FC28008192A3 /* PlantImageController.swift */; };
		DB13B3F723E5FC51008192A3 /* PlantController.swift in Sources */ = {isa = PBXBuildFile; fileRef = DB13B3F623E5FC51008192A3 /* PlantController.swift */; };
		DB13B3F923E5FC7A008192A3 /* PlantsTableViewController.swift in Sources */ = {isa = PBXBuildFile; fileRef = DB13B3F823E5FC7A008192A3 /* PlantsTableViewController.swift */; };
		DB1F235D23E4EFE9005B7C27 /* AppDelegate.swift in Sources */ = {isa = PBXBuildFile; fileRef = DB1F235C23E4EFE9005B7C27 /* AppDelegate.swift */; };
		DB1F235F23E4EFE9005B7C27 /* SceneDelegate.swift in Sources */ = {isa = PBXBuildFile; fileRef = DB1F235E23E4EFE9005B7C27 /* SceneDelegate.swift */; };
		DB1F236423E4EFE9005B7C27 /* Main.storyboard in Resources */ = {isa = PBXBuildFile; fileRef = DB1F236223E4EFE9005B7C27 /* Main.storyboard */; };
		DB1F236623E4EFEA005B7C27 /* Assets.xcassets in Resources */ = {isa = PBXBuildFile; fileRef = DB1F236523E4EFEA005B7C27 /* Assets.xcassets */; };
		DB1F236923E4EFEA005B7C27 /* LaunchScreen.storyboard in Resources */ = {isa = PBXBuildFile; fileRef = DB1F236723E4EFEA005B7C27 /* LaunchScreen.storyboard */; };
/* End PBXBuildFile section */

/* Begin PBXFileReference section */
		DB13B3E323E5FA06008192A3 /* WaterMyPlants.xcdatamodel */ = {isa = PBXFileReference; lastKnownFileType = wrapper.xcdatamodel; path = WaterMyPlants.xcdatamodel; sourceTree = "<group>"; };
		DB13B3E523E5FA8B008192A3 /* CoreDataStack.swift */ = {isa = PBXFileReference; lastKnownFileType = sourcecode.swift; path = CoreDataStack.swift; sourceTree = "<group>"; };
		DB13B3E723E5FA9B008192A3 /* Plant+Convenience.swift */ = {isa = PBXFileReference; lastKnownFileType = sourcecode.swift; path = "Plant+Convenience.swift"; sourceTree = "<group>"; };
		DB13B3EA23E5FAAC008192A3 /* PersistenceProtocol.swift */ = {isa = PBXFileReference; lastKnownFileType = sourcecode.swift; path = PersistenceProtocol.swift; sourceTree = "<group>"; };
		DB13B3EC23E5FAB2008192A3 /* User.swift */ = {isa = PBXFileReference; lastKnownFileType = sourcecode.swift; path = User.swift; sourceTree = "<group>"; };
		DB13B3EE23E5FABE008192A3 /* PlantRepresentation.swift */ = {isa = PBXFileReference; lastKnownFileType = sourcecode.swift; path = PlantRepresentation.swift; sourceTree = "<group>"; };
		DB13B3F223E5FC10008192A3 /* PlantImage.swift */ = {isa = PBXFileReference; lastKnownFileType = sourcecode.swift; path = PlantImage.swift; sourceTree = "<group>"; };
		DB13B3F423E5FC28008192A3 /* PlantImageController.swift */ = {isa = PBXFileReference; lastKnownFileType = sourcecode.swift; path = PlantImageController.swift; sourceTree = "<group>"; };
		DB13B3F623E5FC51008192A3 /* PlantController.swift */ = {isa = PBXFileReference; lastKnownFileType = sourcecode.swift; path = PlantController.swift; sourceTree = "<group>"; };
		DB13B3F823E5FC7A008192A3 /* PlantsTableViewController.swift */ = {isa = PBXFileReference; lastKnownFileType = sourcecode.swift; path = PlantsTableViewController.swift; sourceTree = "<group>"; };
		DB1F235923E4EFE9005B7C27 /* WaterMyPlants.app */ = {isa = PBXFileReference; explicitFileType = wrapper.application; includeInIndex = 0; path = WaterMyPlants.app; sourceTree = BUILT_PRODUCTS_DIR; };
		DB1F235C23E4EFE9005B7C27 /* AppDelegate.swift */ = {isa = PBXFileReference; lastKnownFileType = sourcecode.swift; path = AppDelegate.swift; sourceTree = "<group>"; };
		DB1F235E23E4EFE9005B7C27 /* SceneDelegate.swift */ = {isa = PBXFileReference; lastKnownFileType = sourcecode.swift; path = SceneDelegate.swift; sourceTree = "<group>"; };
		DB1F236323E4EFE9005B7C27 /* Base */ = {isa = PBXFileReference; lastKnownFileType = file.storyboard; name = Base; path = Base.lproj/Main.storyboard; sourceTree = "<group>"; };
		DB1F236523E4EFEA005B7C27 /* Assets.xcassets */ = {isa = PBXFileReference; lastKnownFileType = folder.assetcatalog; path = Assets.xcassets; sourceTree = "<group>"; };
		DB1F236823E4EFEA005B7C27 /* Base */ = {isa = PBXFileReference; lastKnownFileType = file.storyboard; name = Base; path = Base.lproj/LaunchScreen.storyboard; sourceTree = "<group>"; };
		DB1F236A23E4EFEA005B7C27 /* Info.plist */ = {isa = PBXFileReference; lastKnownFileType = text.plist.xml; path = Info.plist; sourceTree = "<group>"; };
/* End PBXFileReference section */

/* Begin PBXFrameworksBuildPhase section */
		DB1F235623E4EFE9005B7C27 /* Frameworks */ = {
			isa = PBXFrameworksBuildPhase;
			buildActionMask = 2147483647;
			files = (
			);
			runOnlyForDeploymentPostprocessing = 0;
		};
/* End PBXFrameworksBuildPhase section */

/* Begin PBXGroup section */
		DB13B3E023E5F9EA008192A3 /* Resources */ = {
			isa = PBXGroup;
			children = (
				DB1F235C23E4EFE9005B7C27 /* AppDelegate.swift */,
				DB1F235E23E4EFE9005B7C27 /* SceneDelegate.swift */,
				DB1F236523E4EFEA005B7C27 /* Assets.xcassets */,
				DB1F236723E4EFEA005B7C27 /* LaunchScreen.storyboard */,
			);
			path = Resources;
			sourceTree = "<group>";
		};
		DB13B3E123E5F9FA008192A3 /* Core Data */ = {
			isa = PBXGroup;
			children = (
				DB13B3E223E5FA06008192A3 /* WaterMyPlants.xcdatamodeld */,
				DB13B3E523E5FA8B008192A3 /* CoreDataStack.swift */,
				DB13B3E723E5FA9B008192A3 /* Plant+Convenience.swift */,
			);
			path = "Core Data";
			sourceTree = "<group>";
		};
		DB13B3E923E5FAA3008192A3 /* Model */ = {
			isa = PBXGroup;
			children = (
				DB13B3EA23E5FAAC008192A3 /* PersistenceProtocol.swift */,
				DB13B3EC23E5FAB2008192A3 /* User.swift */,
				DB13B3EE23E5FABE008192A3 /* PlantRepresentation.swift */,
				DB13B3F223E5FC10008192A3 /* PlantImage.swift */,
			);
			path = Model;
			sourceTree = "<group>";
		};
		DB13B3F023E5FAD5008192A3 /* Model Controllers */ = {
			isa = PBXGroup;
			children = (
				DB13B3F423E5FC28008192A3 /* PlantImageController.swift */,
				DB13B3F623E5FC51008192A3 /* PlantController.swift */,
			);
			path = "Model Controllers";
			sourceTree = "<group>";
		};
		DB13B3F123E5FADC008192A3 /* View Controllers */ = {
			isa = PBXGroup;
			children = (
				DB13B3F823E5FC7A008192A3 /* PlantsTableViewController.swift */,
			);
			path = "View Controllers";
			sourceTree = "<group>";
		};
		DB1F235023E4EFE9005B7C27 = {
			isa = PBXGroup;
			children = (
				DB1F235B23E4EFE9005B7C27 /* WaterMyPlants */,
				DB1F235A23E4EFE9005B7C27 /* Products */,
			);
			sourceTree = "<group>";
		};
		DB1F235A23E4EFE9005B7C27 /* Products */ = {
			isa = PBXGroup;
			children = (
				DB1F235923E4EFE9005B7C27 /* WaterMyPlants.app */,
			);
			name = Products;
			sourceTree = "<group>";
		};
		DB1F235B23E4EFE9005B7C27 /* WaterMyPlants */ = {
			isa = PBXGroup;
			children = (
				DB13B3F123E5FADC008192A3 /* View Controllers */,
				DB13B3F023E5FAD5008192A3 /* Model Controllers */,
				DB13B3E923E5FAA3008192A3 /* Model */,
				DB13B3E123E5F9FA008192A3 /* Core Data */,
				DB1F236223E4EFE9005B7C27 /* Main.storyboard */,
				DB1F236A23E4EFEA005B7C27 /* Info.plist */,
				DB13B3E023E5F9EA008192A3 /* Resources */,
			);
			path = WaterMyPlants;
			sourceTree = "<group>";
		};
/* End PBXGroup section */

/* Begin PBXNativeTarget section */
		DB1F235823E4EFE9005B7C27 /* WaterMyPlants */ = {
			isa = PBXNativeTarget;
			buildConfigurationList = DB1F236D23E4EFEA005B7C27 /* Build configuration list for PBXNativeTarget "WaterMyPlants" */;
			buildPhases = (
				DB1F235523E4EFE9005B7C27 /* Sources */,
				DB1F235623E4EFE9005B7C27 /* Frameworks */,
				DB1F235723E4EFE9005B7C27 /* Resources */,
			);
			buildRules = (
			);
			dependencies = (
			);
			name = WaterMyPlants;
			productName = WaterMyPlants;
			productReference = DB1F235923E4EFE9005B7C27 /* WaterMyPlants.app */;
			productType = "com.apple.product-type.application";
		};
/* End PBXNativeTarget section */

/* Begin PBXProject section */
		DB1F235123E4EFE9005B7C27 /* Project object */ = {
			isa = PBXProject;
			attributes = {
				LastSwiftUpdateCheck = 1130;
				LastUpgradeCheck = 1130;
				ORGANIZATIONNAME = WaterMyPlants3;
				TargetAttributes = {
					DB1F235823E4EFE9005B7C27 = {
						CreatedOnToolsVersion = 11.3.1;
					};
				};
			};
			buildConfigurationList = DB1F235423E4EFE9005B7C27 /* Build configuration list for PBXProject "WaterMyPlants" */;
			compatibilityVersion = "Xcode 9.3";
			developmentRegion = en;
			hasScannedForEncodings = 0;
			knownRegions = (
				en,
				Base,
			);
			mainGroup = DB1F235023E4EFE9005B7C27;
			productRefGroup = DB1F235A23E4EFE9005B7C27 /* Products */;
			projectDirPath = "";
			projectRoot = "";
			targets = (
				DB1F235823E4EFE9005B7C27 /* WaterMyPlants */,
			);
		};
/* End PBXProject section */

/* Begin PBXResourcesBuildPhase section */
		DB1F235723E4EFE9005B7C27 /* Resources */ = {
			isa = PBXResourcesBuildPhase;
			buildActionMask = 2147483647;
			files = (
				DB1F236923E4EFEA005B7C27 /* LaunchScreen.storyboard in Resources */,
				DB1F236623E4EFEA005B7C27 /* Assets.xcassets in Resources */,
				DB1F236423E4EFE9005B7C27 /* Main.storyboard in Resources */,
			);
			runOnlyForDeploymentPostprocessing = 0;
		};
/* End PBXResourcesBuildPhase section */

/* Begin PBXSourcesBuildPhase section */
		DB1F235523E4EFE9005B7C27 /* Sources */ = {
			isa = PBXSourcesBuildPhase;
			buildActionMask = 2147483647;
			files = (
				DB13B3E623E5FA8B008192A3 /* CoreDataStack.swift in Sources */,
				DB13B3F523E5FC28008192A3 /* PlantImageController.swift in Sources */,
				DB13B3F323E5FC10008192A3 /* PlantImage.swift in Sources */,
				DB13B3EF23E5FABE008192A3 /* PlantRepresentation.swift in Sources */,
				DB13B3E423E5FA06008192A3 /* WaterMyPlants.xcdatamodeld in Sources */,
				DB13B3E823E5FA9B008192A3 /* Plant+Convenience.swift in Sources */,
				DB13B3ED23E5FAB2008192A3 /* User.swift in Sources */,
				DB13B3F923E5FC7A008192A3 /* PlantsTableViewController.swift in Sources */,
				DB13B3F723E5FC51008192A3 /* PlantController.swift in Sources */,
				DB13B3EB23E5FAAC008192A3 /* PersistenceProtocol.swift in Sources */,
				DB1F235D23E4EFE9005B7C27 /* AppDelegate.swift in Sources */,
				DB1F235F23E4EFE9005B7C27 /* SceneDelegate.swift in Sources */,
			);
			runOnlyForDeploymentPostprocessing = 0;
		};
/* End PBXSourcesBuildPhase section */

/* Begin PBXVariantGroup section */
		DB1F236223E4EFE9005B7C27 /* Main.storyboard */ = {
			isa = PBXVariantGroup;
			children = (
				DB1F236323E4EFE9005B7C27 /* Base */,
			);
			name = Main.storyboard;
			sourceTree = "<group>";
		};
		DB1F236723E4EFEA005B7C27 /* LaunchScreen.storyboard */ = {
			isa = PBXVariantGroup;
			children = (
				DB1F236823E4EFEA005B7C27 /* Base */,
			);
			name = LaunchScreen.storyboard;
			sourceTree = "<group>";
		};
/* End PBXVariantGroup section */

/* Begin XCBuildConfiguration section */
		DB1F236B23E4EFEA005B7C27 /* Debug */ = {
			isa = XCBuildConfiguration;
			buildSettings = {
				ALWAYS_SEARCH_USER_PATHS = NO;
				CLANG_ANALYZER_NONNULL = YES;
				CLANG_ANALYZER_NUMBER_OBJECT_CONVERSION = YES_AGGRESSIVE;
				CLANG_CXX_LANGUAGE_STANDARD = "gnu++14";
				CLANG_CXX_LIBRARY = "libc++";
				CLANG_ENABLE_MODULES = YES;
				CLANG_ENABLE_OBJC_ARC = YES;
				CLANG_ENABLE_OBJC_WEAK = YES;
				CLANG_WARN_BLOCK_CAPTURE_AUTORELEASING = YES;
				CLANG_WARN_BOOL_CONVERSION = YES;
				CLANG_WARN_COMMA = YES;
				CLANG_WARN_CONSTANT_CONVERSION = YES;
				CLANG_WARN_DEPRECATED_OBJC_IMPLEMENTATIONS = YES;
				CLANG_WARN_DIRECT_OBJC_ISA_USAGE = YES_ERROR;
				CLANG_WARN_DOCUMENTATION_COMMENTS = YES;
				CLANG_WARN_EMPTY_BODY = YES;
				CLANG_WARN_ENUM_CONVERSION = YES;
				CLANG_WARN_INFINITE_RECURSION = YES;
				CLANG_WARN_INT_CONVERSION = YES;
				CLANG_WARN_NON_LITERAL_NULL_CONVERSION = YES;
				CLANG_WARN_OBJC_IMPLICIT_RETAIN_SELF = YES;
				CLANG_WARN_OBJC_LITERAL_CONVERSION = YES;
				CLANG_WARN_OBJC_ROOT_CLASS = YES_ERROR;
				CLANG_WARN_RANGE_LOOP_ANALYSIS = YES;
				CLANG_WARN_STRICT_PROTOTYPES = YES;
				CLANG_WARN_SUSPICIOUS_MOVE = YES;
				CLANG_WARN_UNGUARDED_AVAILABILITY = YES_AGGRESSIVE;
				CLANG_WARN_UNREACHABLE_CODE = YES;
				CLANG_WARN__DUPLICATE_METHOD_MATCH = YES;
				COPY_PHASE_STRIP = NO;
				DEBUG_INFORMATION_FORMAT = dwarf;
				ENABLE_STRICT_OBJC_MSGSEND = YES;
				ENABLE_TESTABILITY = YES;
				GCC_C_LANGUAGE_STANDARD = gnu11;
				GCC_DYNAMIC_NO_PIC = NO;
				GCC_NO_COMMON_BLOCKS = YES;
				GCC_OPTIMIZATION_LEVEL = 0;
				GCC_PREPROCESSOR_DEFINITIONS = (
					"DEBUG=1",
					"$(inherited)",
				);
				GCC_WARN_64_TO_32_BIT_CONVERSION = YES;
				GCC_WARN_ABOUT_RETURN_TYPE = YES_ERROR;
				GCC_WARN_UNDECLARED_SELECTOR = YES;
				GCC_WARN_UNINITIALIZED_AUTOS = YES_AGGRESSIVE;
				GCC_WARN_UNUSED_FUNCTION = YES;
				GCC_WARN_UNUSED_VARIABLE = YES;
				IPHONEOS_DEPLOYMENT_TARGET = 13.2;
				MTL_ENABLE_DEBUG_INFO = INCLUDE_SOURCE;
				MTL_FAST_MATH = YES;
				ONLY_ACTIVE_ARCH = YES;
				SDKROOT = iphoneos;
				SWIFT_ACTIVE_COMPILATION_CONDITIONS = DEBUG;
				SWIFT_OPTIMIZATION_LEVEL = "-Onone";
			};
			name = Debug;
		};
		DB1F236C23E4EFEA005B7C27 /* Release */ = {
			isa = XCBuildConfiguration;
			buildSettings = {
				ALWAYS_SEARCH_USER_PATHS = NO;
				CLANG_ANALYZER_NONNULL = YES;
				CLANG_ANALYZER_NUMBER_OBJECT_CONVERSION = YES_AGGRESSIVE;
				CLANG_CXX_LANGUAGE_STANDARD = "gnu++14";
				CLANG_CXX_LIBRARY = "libc++";
				CLANG_ENABLE_MODULES = YES;
				CLANG_ENABLE_OBJC_ARC = YES;
				CLANG_ENABLE_OBJC_WEAK = YES;
				CLANG_WARN_BLOCK_CAPTURE_AUTORELEASING = YES;
				CLANG_WARN_BOOL_CONVERSION = YES;
				CLANG_WARN_COMMA = YES;
				CLANG_WARN_CONSTANT_CONVERSION = YES;
				CLANG_WARN_DEPRECATED_OBJC_IMPLEMENTATIONS = YES;
				CLANG_WARN_DIRECT_OBJC_ISA_USAGE = YES_ERROR;
				CLANG_WARN_DOCUMENTATION_COMMENTS = YES;
				CLANG_WARN_EMPTY_BODY = YES;
				CLANG_WARN_ENUM_CONVERSION = YES;
				CLANG_WARN_INFINITE_RECURSION = YES;
				CLANG_WARN_INT_CONVERSION = YES;
				CLANG_WARN_NON_LITERAL_NULL_CONVERSION = YES;
				CLANG_WARN_OBJC_IMPLICIT_RETAIN_SELF = YES;
				CLANG_WARN_OBJC_LITERAL_CONVERSION = YES;
				CLANG_WARN_OBJC_ROOT_CLASS = YES_ERROR;
				CLANG_WARN_RANGE_LOOP_ANALYSIS = YES;
				CLANG_WARN_STRICT_PROTOTYPES = YES;
				CLANG_WARN_SUSPICIOUS_MOVE = YES;
				CLANG_WARN_UNGUARDED_AVAILABILITY = YES_AGGRESSIVE;
				CLANG_WARN_UNREACHABLE_CODE = YES;
				CLANG_WARN__DUPLICATE_METHOD_MATCH = YES;
				COPY_PHASE_STRIP = NO;
				DEBUG_INFORMATION_FORMAT = "dwarf-with-dsym";
				ENABLE_NS_ASSERTIONS = NO;
				ENABLE_STRICT_OBJC_MSGSEND = YES;
				GCC_C_LANGUAGE_STANDARD = gnu11;
				GCC_NO_COMMON_BLOCKS = YES;
				GCC_WARN_64_TO_32_BIT_CONVERSION = YES;
				GCC_WARN_ABOUT_RETURN_TYPE = YES_ERROR;
				GCC_WARN_UNDECLARED_SELECTOR = YES;
				GCC_WARN_UNINITIALIZED_AUTOS = YES_AGGRESSIVE;
				GCC_WARN_UNUSED_FUNCTION = YES;
				GCC_WARN_UNUSED_VARIABLE = YES;
				IPHONEOS_DEPLOYMENT_TARGET = 13.2;
				MTL_ENABLE_DEBUG_INFO = NO;
				MTL_FAST_MATH = YES;
				SDKROOT = iphoneos;
				SWIFT_COMPILATION_MODE = wholemodule;
				SWIFT_OPTIMIZATION_LEVEL = "-O";
				VALIDATE_PRODUCT = YES;
			};
			name = Release;
		};
		DB1F236E23E4EFEA005B7C27 /* Debug */ = {
			isa = XCBuildConfiguration;
			buildSettings = {
				ASSETCATALOG_COMPILER_APPICON_NAME = AppIcon;
				CODE_SIGN_STYLE = Automatic;
				INFOPLIST_FILE = WaterMyPlants/Info.plist;
				LD_RUNPATH_SEARCH_PATHS = (
					"$(inherited)",
					"@executable_path/Frameworks",
				);
				PRODUCT_BUNDLE_IDENTIFIER = com.WaterMyPlants.WaterMyPlants;
				PRODUCT_NAME = "$(TARGET_NAME)";
				SWIFT_VERSION = 5.0;
				TARGETED_DEVICE_FAMILY = "1,2";
			};
			name = Debug;
		};
		DB1F236F23E4EFEA005B7C27 /* Release */ = {
			isa = XCBuildConfiguration;
			buildSettings = {
				ASSETCATALOG_COMPILER_APPICON_NAME = AppIcon;
				CODE_SIGN_STYLE = Automatic;
				INFOPLIST_FILE = WaterMyPlants/Info.plist;
				LD_RUNPATH_SEARCH_PATHS = (
					"$(inherited)",
					"@executable_path/Frameworks",
				);
				PRODUCT_BUNDLE_IDENTIFIER = com.WaterMyPlants.WaterMyPlants;
				PRODUCT_NAME = "$(TARGET_NAME)";
				SWIFT_VERSION = 5.0;
				TARGETED_DEVICE_FAMILY = "1,2";
			};
			name = Release;
		};
/* End XCBuildConfiguration section */

/* Begin XCConfigurationList section */
		DB1F235423E4EFE9005B7C27 /* Build configuration list for PBXProject "WaterMyPlants" */ = {
			isa = XCConfigurationList;
			buildConfigurations = (
				DB1F236B23E4EFEA005B7C27 /* Debug */,
				DB1F236C23E4EFEA005B7C27 /* Release */,
			);
			defaultConfigurationIsVisible = 0;
			defaultConfigurationName = Release;
		};
		DB1F236D23E4EFEA005B7C27 /* Build configuration list for PBXNativeTarget "WaterMyPlants" */ = {
			isa = XCConfigurationList;
			buildConfigurations = (
				DB1F236E23E4EFEA005B7C27 /* Debug */,
				DB1F236F23E4EFEA005B7C27 /* Release */,
			);
			defaultConfigurationIsVisible = 0;
			defaultConfigurationName = Release;
		};
/* End XCConfigurationList section */

/* Begin XCVersionGroup section */
		DB13B3E223E5FA06008192A3 /* WaterMyPlants.xcdatamodeld */ = {
			isa = XCVersionGroup;
			children = (
				DB13B3E323E5FA06008192A3 /* WaterMyPlants.xcdatamodel */,
			);
			currentVersion = DB13B3E323E5FA06008192A3 /* WaterMyPlants.xcdatamodel */;
			path = WaterMyPlants.xcdatamodeld;
			sourceTree = "<group>";
			versionGroupType = wrapper.xcdatamodel;
		};
/* End XCVersionGroup section */
	};
	rootObject = DB1F235123E4EFE9005B7C27 /* Project object */;
}
