PODS:
  - SwiftChart (1.0.1)
  - SwiftLint (0.38.2)

DEPENDENCIES:
  - SwiftChart (from `https://github.com/gpbl/SwiftChart`, branch `master`)
  - SwiftLint

SPEC REPOS:
  trunk:
    - SwiftLint

EXTERNAL SOURCES:
  SwiftChart:
    :branch: master
    :git: https://github.com/gpbl/SwiftChart

CHECKOUT OPTIONS:
  SwiftChart:
    :commit: 4949a94090641ca85b8133129f7a7b2230694788
    :git: https://github.com/gpbl/SwiftChart

SPEC CHECKSUMS:
  SwiftChart: 6ed8c61f3731cc32e3cb92858dba339d08ddac87
  SwiftLint: 8f5d2f903e1c9bcbc832fd16771e80a263ac6cbb

PODFILE CHECKSUM: 3319f540c643d18dc9373ba487cd173c92b28e1c

COCOAPODS: 1.8.4
